
Microsoft Visual Studio Solution File, Format Version 12.00
# Visual Studio Version 18
VisualStudioVersion = 18.5.11619.145 insiders
MinimumVisualStudioVersion = 10.0.40219.1
Project("{FAE04EC0-301F-11D3-BF4B-00C04F79EFBC}") = "MovieSeriesCatalog", "MovieSeriesCatalog.csproj", "{A264BDAF-14EE-FC6F-D108-09B570C991DA}"
EndProject
Global
	GlobalSection(SolutionConfigurationPlatforms) = preSolution
		Debug|Any CPU = Debug|Any CPU
		Release|Any CPU = Release|Any CPU
	EndGlobalSection
	GlobalSection(ProjectConfigurationPlatforms) = postSolution
		{A264BDAF-14EE-FC6F-D108-09B570C991DA}.Debug|Any CPU.ActiveCfg = Debug|Any CPU
		{A264BDAF-14EE-FC6F-D108-09B570C991DA}.Debug|Any CPU.Build.0 = Debug|Any CPU
		{A264BDAF-14EE-FC6F-D108-09B570C991DA}.Release|Any CPU.ActiveCfg = Release|Any CPU
		{A264BDAF-14EE-FC6F-D108-09B570C991DA}.Release|Any CPU.Build.0 = Release|Any CPU
	EndGlobalSection
	GlobalSection(SolutionProperties) = preSolution
		HideSolutionNode = FALSE
	EndGlobalSection
	GlobalSection(ExtensibilityGlobals) = postSolution
		SolutionGuid = {CB25AA18-BFE5-425D-9C29-5D39A3A6401B}
	EndGlobalSection
EndGlobal
